
Microsoft Visual Studio Solution File, Format Version 12.00
# Visual Studio 14
VisualStudioVersion = 14.0.23107.0
MinimumVisualStudioVersion = 10.0.40219.1
Project("{FAE04EC0-301F-11D3-BF4B-00C04F79EFBC}") = "FarmExp.CommonLibary", "FarmExp.CommonLibary\FarmExp.CommonLibary.csproj", "{9C81AD75-76C1-4E28-A3B1-90113D001604}"
EndProject
Project("{2150E333-8FDC-42A3-9474-1A3956D46DE8}") = "Common", "Common", "{E3CC9A71-AC25-46C1-AD88-232F5DEA292A}"
EndProject
Project("{2150E333-8FDC-42A3-9474-1A3956D46DE8}") = "Data", "Data", "{BEDA2047-2F1B-4010-9508-5294136F96FD}"
EndProject
Project("{FAE04EC0-301F-11D3-BF4B-00C04F79EFBC}") = "FarmExp.Data.Interface", "FarmExp.DataInterface\FarmExp.Data.Interface.csproj", "{A1F0D180-5C4C-440E-B308-A0C5441D3FA0}"
EndProject
Project("{FAE04EC0-301F-11D3-BF4B-00C04F79EFBC}") = "FarmExp.Data.EntityFramework", "FarmExp.DataEntityFramework\FarmExp.Data.EntityFramework.csproj", "{70582507-B573-4DC3-AF85-6462C2BB8E5C}"
EndProject
Project("{2150E333-8FDC-42A3-9474-1A3956D46DE8}") = "Bussiness", "Bussiness", "{3A4DAE96-2EDD-4243-81E1-08347741F233}"
EndProject
Project("{FAE04EC0-301F-11D3-BF4B-00C04F79EFBC}") = "FarmExp.Service.Interface", "FarmExp.IService\FarmExp.Service.Interface.csproj", "{AA9BF67A-7D84-4C2A-AC8E-A40B1704DA74}"
EndProject
Project("{FAE04EC0-301F-11D3-BF4B-00C04F79EFBC}") = "FarmExp.Service.Infrastructure", "FarmExp.Service\FarmExp.Service.Infrastructure.csproj", "{CA6C04A5-CE61-4593-B1F3-A4279B9B56CB}"
EndProject
Project("{FAE04EC0-301F-11D3-BF4B-00C04F79EFBC}") = "FarmExp.Models", "FarmExp.Models\FarmExp.Models.csproj", "{14961E62-B32C-45F2-B609-37A9B59F2943}"
EndProject
Project("{2150E333-8FDC-42A3-9474-1A3956D46DE8}") = "Model", "Model", "{B9F2A9C1-50AE-4F98-BD30-42F8A570B21C}"
EndProject
Project("{2150E333-8FDC-42A3-9474-1A3956D46DE8}") = "UI", "UI", "{461E86BD-75CC-4197-9573-590DE16764B9}"
EndProject
Project("{FAE04EC0-301F-11D3-BF4B-00C04F79EFBC}") = "FarmExp.WebApp", "FarmExp.WebApp\FarmExp.WebApp.csproj", "{D2777D86-2E50-410D-87D9-E9FD327371F0}"
EndProject
Project("{2150E333-8FDC-42A3-9474-1A3956D46DE8}") = "Core", "Core", "{453AC255-335E-49F5-861E-9F1AE42C9C7E}"
EndProject
Project("{FAE04EC0-301F-11D3-BF4B-00C04F79EFBC}") = "FarmExp.Core", "FarmExp.Core\FarmExp.Core.csproj", "{BA21D28B-121C-447F-AE9F-54A996F142B2}"
EndProject
Project("{8BB2217D-0F2D-49D1-97BC-3654ED321F3B}") = "FarmExp.WebSite", "FarmExp.WebSite\FarmExp.WebSite.xproj", "{0892C056-D21A-4554-AD52-3A821A1D65ED}"
EndProject
Global
	GlobalSection(SolutionConfigurationPlatforms) = preSolution
		Debug|Any CPU = Debug|Any CPU
		Release|Any CPU = Release|Any CPU
	EndGlobalSection
	GlobalSection(ProjectConfigurationPlatforms) = postSolution
		{9C81AD75-76C1-4E28-A3B1-90113D001604}.Debug|Any CPU.ActiveCfg = Debug|Any CPU
		{9C81AD75-76C1-4E28-A3B1-90113D001604}.Debug|Any CPU.Build.0 = Debug|Any CPU
		{9C81AD75-76C1-4E28-A3B1-90113D001604}.Release|Any CPU.ActiveCfg = Release|Any CPU
		{9C81AD75-76C1-4E28-A3B1-90113D001604}.Release|Any CPU.Build.0 = Release|Any CPU
		{A1F0D180-5C4C-440E-B308-A0C5441D3FA0}.Debug|Any CPU.ActiveCfg = Debug|Any CPU
		{A1F0D180-5C4C-440E-B308-A0C5441D3FA0}.Debug|Any CPU.Build.0 = Debug|Any CPU
		{A1F0D180-5C4C-440E-B308-A0C5441D3FA0}.Release|Any CPU.ActiveCfg = Release|Any CPU
		{A1F0D180-5C4C-440E-B308-A0C5441D3FA0}.Release|Any CPU.Build.0 = Release|Any CPU
		{70582507-B573-4DC3-AF85-6462C2BB8E5C}.Debug|Any CPU.ActiveCfg = Debug|Any CPU
		{70582507-B573-4DC3-AF85-6462C2BB8E5C}.Debug|Any CPU.Build.0 = Debug|Any CPU
		{70582507-B573-4DC3-AF85-6462C2BB8E5C}.Release|Any CPU.ActiveCfg = Release|Any CPU
		{70582507-B573-4DC3-AF85-6462C2BB8E5C}.Release|Any CPU.Build.0 = Release|Any CPU
		{AA9BF67A-7D84-4C2A-AC8E-A40B1704DA74}.Debug|Any CPU.ActiveCfg = Debug|Any CPU
		{AA9BF67A-7D84-4C2A-AC8E-A40B1704DA74}.Debug|Any CPU.Build.0 = Debug|Any CPU
		{AA9BF67A-7D84-4C2A-AC8E-A40B1704DA74}.Release|Any CPU.ActiveCfg = Release|Any CPU
		{AA9BF67A-7D84-4C2A-AC8E-A40B1704DA74}.Release|Any CPU.Build.0 = Release|Any CPU
		{CA6C04A5-CE61-4593-B1F3-A4279B9B56CB}.Debug|Any CPU.ActiveCfg = Debug|Any CPU
		{CA6C04A5-CE61-4593-B1F3-A4279B9B56CB}.Debug|Any CPU.Build.0 = Debug|Any CPU
		{CA6C04A5-CE61-4593-B1F3-A4279B9B56CB}.Release|Any CPU.ActiveCfg = Release|Any CPU
		{CA6C04A5-CE61-4593-B1F3-A4279B9B56CB}.Release|Any CPU.Build.0 = Release|Any CPU
		{14961E62-B32C-45F2-B609-37A9B59F2943}.Debug|Any CPU.ActiveCfg = Debug|Any CPU
		{14961E62-B32C-45F2-B609-37A9B59F2943}.Debug|Any CPU.Build.0 = Debug|Any CPU
		{14961E62-B32C-45F2-B609-37A9B59F2943}.Release|Any CPU.ActiveCfg = Release|Any CPU
		{14961E62-B32C-45F2-B609-37A9B59F2943}.Release|Any CPU.Build.0 = Release|Any CPU
		{D2777D86-2E50-410D-87D9-E9FD327371F0}.Debug|Any CPU.ActiveCfg = Debug|Any CPU
		{D2777D86-2E50-410D-87D9-E9FD327371F0}.Debug|Any CPU.Build.0 = Debug|Any CPU
		{D2777D86-2E50-410D-87D9-E9FD327371F0}.Release|Any CPU.ActiveCfg = Release|Any CPU
		{D2777D86-2E50-410D-87D9-E9FD327371F0}.Release|Any CPU.Build.0 = Release|Any CPU
		{BA21D28B-121C-447F-AE9F-54A996F142B2}.Debug|Any CPU.ActiveCfg = Debug|Any CPU
		{BA21D28B-121C-447F-AE9F-54A996F142B2}.Debug|Any CPU.Build.0 = Debug|Any CPU
		{BA21D28B-121C-447F-AE9F-54A996F142B2}.Release|Any CPU.ActiveCfg = Release|Any CPU
		{BA21D28B-121C-447F-AE9F-54A996F142B2}.Release|Any CPU.Build.0 = Release|Any CPU
		{0892C056-D21A-4554-AD52-3A821A1D65ED}.Debug|Any CPU.ActiveCfg = Debug|Any CPU
		{0892C056-D21A-4554-AD52-3A821A1D65ED}.Debug|Any CPU.Build.0 = Debug|Any CPU
		{0892C056-D21A-4554-AD52-3A821A1D65ED}.Release|Any CPU.ActiveCfg = Release|Any CPU
		{0892C056-D21A-4554-AD52-3A821A1D65ED}.Release|Any CPU.Build.0 = Release|Any CPU
	EndGlobalSection
	GlobalSection(SolutionProperties) = preSolution
		HideSolutionNode = FALSE
	EndGlobalSection
	GlobalSection(NestedProjects) = preSolution
		{9C81AD75-76C1-4E28-A3B1-90113D001604} = {E3CC9A71-AC25-46C1-AD88-232F5DEA292A}
		{A1F0D180-5C4C-440E-B308-A0C5441D3FA0} = {BEDA2047-2F1B-4010-9508-5294136F96FD}
		{70582507-B573-4DC3-AF85-6462C2BB8E5C} = {BEDA2047-2F1B-4010-9508-5294136F96FD}
		{AA9BF67A-7D84-4C2A-AC8E-A40B1704DA74} = {3A4DAE96-2EDD-4243-81E1-08347741F233}
		{CA6C04A5-CE61-4593-B1F3-A4279B9B56CB} = {3A4DAE96-2EDD-4243-81E1-08347741F233}
		{14961E62-B32C-45F2-B609-37A9B59F2943} = {B9F2A9C1-50AE-4F98-BD30-42F8A570B21C}
		{D2777D86-2E50-410D-87D9-E9FD327371F0} = {461E86BD-75CC-4197-9573-590DE16764B9}
		{BA21D28B-121C-447F-AE9F-54A996F142B2} = {453AC255-335E-49F5-861E-9F1AE42C9C7E}
		{0892C056-D21A-4554-AD52-3A821A1D65ED} = {461E86BD-75CC-4197-9573-590DE16764B9}
	EndGlobalSection
EndGlobal
